# THIS IS AN AUTOGENERATED FILE. DO NOT EDIT THIS FILE DIRECTLY.
# yarn lockfile v1


"@emnapi/core@^1.4.5":
  version "1.4.5"
  resolved "https://registry.yarnpkg.com/@emnapi/core/-/core-1.4.5.tgz#bfbb0cbbbb9f96ec4e2c4fd917b7bbe5495ceccb"
  integrity sha512-XsLw1dEOpkSX/WucdqUhPWP7hDxSvZiY+fsUC14h+FtQ2Ifni4znbBt8punRX+Uj2JG/uDb8nEHVKvrVlvdZ5Q==
  dependencies:
    "@emnapi/wasi-threads" "1.0.4"
    tslib "^2.4.0"

"@emnapi/runtime@^1.4.5":
  version "1.4.5"
  resolved "https://registry.yarnpkg.com/@emnapi/runtime/-/runtime-1.4.5.tgz#c67710d0661070f38418b6474584f159de38aba9"
  integrity sha512-++LApOtY0pEEz1zrd9vy1/zXVaVJJ/EbAF3u0fXIzPJEDtnITsBGbbK0EkM72amhl/R5b+5xx0Y/QhcVOpuulg==
  dependencies:
    tslib "^2.4.0"

"@emnapi/wasi-threads@1.0.4":
  version "1.0.4"
  resolved "https://registry.yarnpkg.com/@emnapi/wasi-threads/-/wasi-threads-1.0.4.tgz#703fc094d969e273b1b71c292523b2f792862bf4"
  integrity sha512-PJR+bOmMOPH8AtcTGAyYNiuJ3/Fcoj2XN/gBEWzDIKh254XO+mM9XoXHk5GNEhodxeMznbg7BlRojVbKN+gC6g==
  dependencies:
    tslib "^2.4.0"

"@module-federation/error-codes@0.18.0":
  version "0.18.0"
  resolved "https://registry.yarnpkg.com/@module-federation/error-codes/-/error-codes-0.18.0.tgz#00830ece3b5b6bcda0a874a8426bcd94599bf738"
  integrity sha512-Woonm8ehyVIUPXChmbu80Zj6uJkC0dD9SJUZ/wOPtO8iiz/m+dkrOugAuKgoiR6qH4F+yorWila954tBz4uKsQ==

"@module-federation/runtime-core@0.18.0":
  version "0.18.0"
  resolved "https://registry.yarnpkg.com/@module-federation/runtime-core/-/runtime-core-0.18.0.tgz#d696bce1001b42a3074613a9e51b1f9e843f5492"
  integrity sha512-ZyYhrDyVAhUzriOsVfgL6vwd+5ebYm595Y13KeMf6TKDRoUHBMTLGQ8WM4TDj8JNsy7LigncK8C03fn97of0QQ==
  dependencies:
    "@module-federation/error-codes" "0.18.0"
    "@module-federation/sdk" "0.18.0"

"@module-federation/runtime-tools@0.18.0":
  version "0.18.0"
  resolved "https://registry.yarnpkg.com/@module-federation/runtime-tools/-/runtime-tools-0.18.0.tgz#8eddf50178974e0b2caaf8ad42e798eff3ab98e2"
  integrity sha512-fSga9o4t1UfXNV/Kh6qFvRyZpPp3EHSPRISNeyT8ZoTpzDNiYzhtw0BPUSSD8m6C6XQh2s/11rI4g80UY+d+hA==
  dependencies:
    "@module-federation/runtime" "0.18.0"
    "@module-federation/webpack-bundler-runtime" "0.18.0"

"@module-federation/runtime@0.18.0":
  version "0.18.0"
  resolved "https://registry.yarnpkg.com/@module-federation/runtime/-/runtime-0.18.0.tgz#875486c67a0038d474a7efc890be5ee6f579ad38"
  integrity sha512-+C4YtoSztM7nHwNyZl6dQKGUVJdsPrUdaf3HIKReg/GQbrt9uvOlUWo2NXMZ8vDAnf/QRrpSYAwXHmWDn9Obaw==
  dependencies:
    "@module-federation/error-codes" "0.18.0"
    "@module-federation/runtime-core" "0.18.0"
    "@module-federation/sdk" "0.18.0"

"@module-federation/sdk@0.18.0":
  version "0.18.0"
  resolved "https://registry.yarnpkg.com/@module-federation/sdk/-/sdk-0.18.0.tgz#47bdbc23768fc2b9aae4f70bad47d6454349c1c1"
  integrity sha512-Lo/Feq73tO2unjmpRfyyoUkTVoejhItXOk/h5C+4cistnHbTV8XHrW/13fD5e1Iu60heVdAhhelJd6F898Ve9A==

"@module-federation/webpack-bundler-runtime@0.18.0":
  version "0.18.0"
  resolved "https://registry.yarnpkg.com/@module-federation/webpack-bundler-runtime/-/webpack-bundler-runtime-0.18.0.tgz#ba81a43800e6ceaff104a6956d9088b84df5a496"
  integrity sha512-TEvErbF+YQ+6IFimhUYKK3a5wapD90d90sLsNpcu2kB3QGT7t4nIluE25duXuZDVUKLz86tEPrza/oaaCWTpvQ==
  dependencies:
    "@module-federation/runtime" "0.18.0"
    "@module-federation/sdk" "0.18.0"

"@napi-rs/wasm-runtime@^1.0.1":
  version "1.0.3"
  resolved "https://registry.yarnpkg.com/@napi-rs/wasm-runtime/-/wasm-runtime-1.0.3.tgz#24593dbd6fd1454b0b9c8b73bf7ac62d92a6bf63"
  integrity sha512-rZxtMsLwjdXkMUGC3WwsPwLNVqVqnTJT6MNIB6e+5fhMcSCPP0AOsNWuMQ5mdCq6HNjs/ZeWAEchpqeprqBD2Q==
  dependencies:
    "@emnapi/core" "^1.4.5"
    "@emnapi/runtime" "^1.4.5"
    "@tybys/wasm-util" "^0.10.0"

"@rsbuild/core@^1.0.0":
  version "1.5.0"
  resolved "https://registry.yarnpkg.com/@rsbuild/core/-/core-1.5.0.tgz#5bc54077ccbe13890fe8e89786823cda241dcaa8"
  integrity sha512-C4TNndcgIQTDbBvdlSLbfuMGH9i66SJlsWkA6AVElwF7RI39lwZ5gIbP+v+l3W8HwcZ78a6iIu88ZEm1FuTSvA==
  dependencies:
    "@rspack/core" "1.5.0"
    "@rspack/lite-tapable" "~1.0.1"
    "@swc/helpers" "^0.5.17"
    core-js "~3.45.1"
    jiti "^2.5.1"

"@rspack/binding-darwin-arm64@1.5.0":
  version "1.5.0"
  resolved "https://registry.yarnpkg.com/@rspack/binding-darwin-arm64/-/binding-darwin-arm64-1.5.0.tgz#cbc7ddc442c50d3e81b63914d8546f2e19ffabff"
  integrity sha512-7909YLNnKf0BYxiCpCWOk13WyWS4493Kxk1NQwy9KPLY9ydQExk84KVsix2NuNBaI8Pnk3aVLBPJiSNXtHLjnA==

"@rspack/binding-darwin-x64@1.5.0":
  version "1.5.0"
  resolved "https://registry.yarnpkg.com/@rspack/binding-darwin-x64/-/binding-darwin-x64-1.5.0.tgz#8988c5d263f5b65eff8c31535a0c680639b7194a"
  integrity sha512-poGuQsGKCMQqSswgrz8X+frqMVTdmtzUDyvi/p9BLwW+2DwWgmywU8jwE+BYtjfWp1tErBSTlLxmEPQTdcIQgQ==

"@rspack/binding-linux-arm64-gnu@1.5.0":
  version "1.5.0"
  resolved "https://registry.yarnpkg.com/@rspack/binding-linux-arm64-gnu/-/binding-linux-arm64-gnu-1.5.0.tgz#d197052588fba1a988681725cf228668009216c4"
  integrity sha512-Bvmk8h3tRhN9UgOtH+vK0SgFM3qEO36eJz7oddOl4lJQxBf2GNA87bGtkMtX+AVPz/PUn7r82uWxrlVNQHAbFg==

"@rspack/binding-linux-arm64-musl@1.5.0":
  version "1.5.0"
  resolved "https://registry.yarnpkg.com/@rspack/binding-linux-arm64-musl/-/binding-linux-arm64-musl-1.5.0.tgz#c9578eb1d448905bc1cce1458ec01296a8b823a7"
  integrity sha512-bH7UwkbACDYT37YnN9kkhaF9niFFK9ndcdNvYFFr1oUT4W9Ie3V9b41EXijqp3pyh0mDSeeLPFY0aEx1t3e7Pw==

"@rspack/binding-linux-x64-gnu@1.5.0":
  version "1.5.0"
  resolved "https://registry.yarnpkg.com/@rspack/binding-linux-x64-gnu/-/binding-linux-x64-gnu-1.5.0.tgz#47184c1edbc5f5a89e9a7e0e107b64ec562aaa62"
  integrity sha512-xZ5dwNrE5KtpQyMd9israpJTcTQ3UYUUq23fTcNc79xE5aspkGixDFAYoql4YkhO0O+JWRmdSaFAn6jD+IQWQA==

"@rspack/binding-linux-x64-musl@1.5.0":
  version "1.5.0"
  resolved "https://registry.yarnpkg.com/@rspack/binding-linux-x64-musl/-/binding-linux-x64-musl-1.5.0.tgz#fafbbc92d7ab95b95f38b6e36f06d45f3d9bcbe1"
  integrity sha512-mv65jYvcyYPkPZJ9kjSvTAcH0o7C5jfICWCQcMmN1tCGD3b8gmf9GqSZ8e+W/JkuvrJ05qTo/PvEq9nhu+pNIg==

"@rspack/binding-wasm32-wasi@1.5.0":
  version "1.5.0"
  resolved "https://registry.yarnpkg.com/@rspack/binding-wasm32-wasi/-/binding-wasm32-wasi-1.5.0.tgz#8912dbf3293c51e2e1e93e8dd910c3d5d04ed8ab"
  integrity sha512-8rVpl6xfaAFJgo1wCd+emksfl+/8nlehrtkmjY9bj79Ou+kp07L9e1B+UU0jfs8e7aLPntQuF68kzLHwYLzWIQ==
  dependencies:
    "@napi-rs/wasm-runtime" "^1.0.1"

"@rspack/binding-win32-arm64-msvc@1.5.0":
  version "1.5.0"
  resolved "https://registry.yarnpkg.com/@rspack/binding-win32-arm64-msvc/-/binding-win32-arm64-msvc-1.5.0.tgz#859f1512eed995a5ba46dd0bc9c9a5bf7e6a54e0"
  integrity sha512-dWSmNm+GR6WSkOwbhlUcot4Oqwyon+1PRZ9E0vIMFHKGvESf9CQjgHAX0QE9G0kJmRM5x3I16J4x44Kw3W/98Q==

"@rspack/binding-win32-ia32-msvc@1.5.0":
  version "1.5.0"
  resolved "https://registry.yarnpkg.com/@rspack/binding-win32-ia32-msvc/-/binding-win32-ia32-msvc-1.5.0.tgz#2c157250865c2744b8f53d585989dcbeb6dd9fb6"
  integrity sha512-YtOrFEkwhO3Y3sY6Jq0OOYPY7NBTNYuwJ6epTgzPEDGs2cBnwZfzhq0jmD/koWtv1L9+twX95vKosBdauF0tNA==

"@rspack/binding-win32-x64-msvc@1.5.0":
  version "1.5.0"
  resolved "https://registry.yarnpkg.com/@rspack/binding-win32-x64-msvc/-/binding-win32-x64-msvc-1.5.0.tgz#ac49d57acda1f4a54ab77d2988e9ff3275381c4a"
  integrity sha512-V4fcPVYWJgDkIkSsFwmUdwC9lkL8+1dzDOwyTWe6KW2MYHF2D148WPHNyVVE6gum12TShpbIsh0j4NiiMhkMtw==

"@rspack/binding@1.5.0":
  version "1.5.0"
  resolved "https://registry.yarnpkg.com/@rspack/binding/-/binding-1.5.0.tgz#86c4f8ca01aa68a8881d4f28c5df46d2730732fe"
  integrity sha512-UGXQmwEu2gdO+tnGv2q4rOWJdWioy6dlLXeZOLYAZVh3mrfKJhZWtDEygX9hCdE5thWNRTlEvx30QQchJAszIQ==
  optionalDependencies:
    "@rspack/binding-darwin-arm64" "1.5.0"
    "@rspack/binding-darwin-x64" "1.5.0"
    "@rspack/binding-linux-arm64-gnu" "1.5.0"
    "@rspack/binding-linux-arm64-musl" "1.5.0"
    "@rspack/binding-linux-x64-gnu" "1.5.0"
    "@rspack/binding-linux-x64-musl" "1.5.0"
    "@rspack/binding-wasm32-wasi" "1.5.0"
    "@rspack/binding-win32-arm64-msvc" "1.5.0"
    "@rspack/binding-win32-ia32-msvc" "1.5.0"
    "@rspack/binding-win32-x64-msvc" "1.5.0"

"@rspack/core@1.5.0":
  version "1.5.0"
  resolved "https://registry.yarnpkg.com/@rspack/core/-/core-1.5.0.tgz#e4022831797de5ebb6a6490273be80d6556a712d"
  integrity sha512-eEtiKV+CUcAtnt1K+eiHDzmBXQcNM8CfCXOzr0+gHGp4w4Zks2B8RF36sYD03MM2bg8VRXXsf0MicQ8FvRMCOg==
  dependencies:
    "@module-federation/runtime-tools" "0.18.0"
    "@rspack/binding" "1.5.0"
    "@rspack/lite-tapable" "1.0.1"

"@rspack/lite-tapable@1.0.1", "@rspack/lite-tapable@~1.0.1":
  version "1.0.1"
  resolved "https://registry.yarnpkg.com/@rspack/lite-tapable/-/lite-tapable-1.0.1.tgz#d4540a5d28bd6177164bc0ba0bee4bdec0458591"
  integrity sha512-VynGOEsVw2s8TAlLf/uESfrgfrq2+rcXB1muPJYBWbsm1Oa6r5qVQhjA5ggM6z/coYPrsVMgovl3Ff7Q7OCp1w==

"@swc/core-darwin-arm64@1.13.5":
  version "1.13.5"
  resolved "https://registry.yarnpkg.com/@swc/core-darwin-arm64/-/core-darwin-arm64-1.13.5.tgz#7638c073946f9297753ed9a2eb198d07b2336a24"
  integrity sha512-lKNv7SujeXvKn16gvQqUQI5DdyY8v7xcoO3k06/FJbHJS90zEwZdQiMNRiqpYw/orU543tPaWgz7cIYWhbopiQ==

"@swc/core-darwin-x64@1.13.5":
  version "1.13.5"
  resolved "https://registry.yarnpkg.com/@swc/core-darwin-x64/-/core-darwin-x64-1.13.5.tgz#18061167378f0fb285e17818494bc6c89dd07551"
  integrity sha512-ILd38Fg/w23vHb0yVjlWvQBoE37ZJTdlLHa8LRCFDdX4WKfnVBiblsCU9ar4QTMNdeTBEX9iUF4IrbNWhaF1Ng==

"@swc/core-linux-arm-gnueabihf@1.13.5":
  version "1.13.5"
  resolved "https://registry.yarnpkg.com/@swc/core-linux-arm-gnueabihf/-/core-linux-arm-gnueabihf-1.13.5.tgz#4c8062bd598049b5b9b0beb762e075e76b4c23c3"
  integrity sha512-Q6eS3Pt8GLkXxqz9TAw+AUk9HpVJt8Uzm54MvPsqp2yuGmY0/sNaPPNVqctCX9fu/Nu8eaWUen0si6iEiCsazQ==

"@swc/core-linux-arm64-gnu@1.13.5":
  version "1.13.5"
  resolved "https://registry.yarnpkg.com/@swc/core-linux-arm64-gnu/-/core-linux-arm64-gnu-1.13.5.tgz#7222d321197ea9304e387933e87d775849fc1ae6"
  integrity sha512-aNDfeN+9af+y+M2MYfxCzCy/VDq7Z5YIbMqRI739o8Ganz6ST+27kjQFd8Y/57JN/hcnUEa9xqdS3XY7WaVtSw==

"@swc/core-linux-arm64-musl@1.13.5":
  version "1.13.5"
  resolved "https://registry.yarnpkg.com/@swc/core-linux-arm64-musl/-/core-linux-arm64-musl-1.13.5.tgz#51e7958deaf37edc212bd9dc0ea1476f151d2bea"
  integrity sha512-9+ZxFN5GJag4CnYnq6apKTnnezpfJhCumyz0504/JbHLo+Ue+ZtJnf3RhyA9W9TINtLE0bC4hKpWi8ZKoETyOQ==

"@swc/core-linux-x64-gnu@1.13.5":
  version "1.13.5"
  resolved "https://registry.yarnpkg.com/@swc/core-linux-x64-gnu/-/core-linux-x64-gnu-1.13.5.tgz#3476beab93ab03e92844d955ca9d9289aa4a5993"
  integrity sha512-WD530qvHrki8Ywt/PloKUjaRKgstQqNGvmZl54g06kA+hqtSE2FTG9gngXr3UJxYu/cNAjJYiBifm7+w4nbHbA==

"@swc/core-linux-x64-musl@1.13.5":
  version "1.13.5"
  resolved "https://registry.yarnpkg.com/@swc/core-linux-x64-musl/-/core-linux-x64-musl-1.13.5.tgz#f4934b1e77e2a297909bb3ab977836205c36e5e0"
  integrity sha512-Luj8y4OFYx4DHNQTWjdIuKTq2f5k6uSXICqx+FSabnXptaOBAbJHNbHT/06JZh6NRUouaf0mYXN0mcsqvkhd7Q==

"@swc/core-win32-arm64-msvc@1.13.5":
  version "1.13.5"
  resolved "https://registry.yarnpkg.com/@swc/core-win32-arm64-msvc/-/core-win32-arm64-msvc-1.13.5.tgz#5084c107435cfc82d4d901bfb388dc319d38a236"
  integrity sha512-cZ6UpumhF9SDJvv4DA2fo9WIzlNFuKSkZpZmPG1c+4PFSEMy5DFOjBSllCvnqihCabzXzpn6ykCwBmHpy31vQw==

"@swc/core-win32-ia32-msvc@1.13.5":
  version "1.13.5"
  resolved "https://registry.yarnpkg.com/@swc/core-win32-ia32-msvc/-/core-win32-ia32-msvc-1.13.5.tgz#f8b2e28bc51b30467e316ed736a130c1324b9880"
  integrity sha512-C5Yi/xIikrFUzZcyGj9L3RpKljFvKiDMtyDzPKzlsDrKIw2EYY+bF88gB6oGY5RGmv4DAX8dbnpRAqgFD0FMEw==

"@swc/core-win32-x64-msvc@1.13.5":
  version "1.13.5"
  resolved "https://registry.yarnpkg.com/@swc/core-win32-x64-msvc/-/core-win32-x64-msvc-1.13.5.tgz#13883cf3c63bf11b787e28dcdf75ca0cc49efa83"
  integrity sha512-YrKdMVxbYmlfybCSbRtrilc6UA8GF5aPmGKBdPvjrarvsmf4i7ZHGCEnLtfOMd3Lwbs2WUZq3WdMbozYeLU93Q==

"@swc/core@^1.3.0":
  version "1.13.5"
  resolved "https://registry.yarnpkg.com/@swc/core/-/core-1.13.5.tgz#93874b831d3bd121560e6fcd688972b7fc7baa26"
  integrity sha512-WezcBo8a0Dg2rnR82zhwoR6aRNxeTGfK5QCD6TQ+kg3xx/zNT02s/0o+81h/3zhvFSB24NtqEr8FTw88O5W/JQ==
  dependencies:
    "@swc/counter" "^0.1.3"
    "@swc/types" "^0.1.24"
  optionalDependencies:
    "@swc/core-darwin-arm64" "1.13.5"
    "@swc/core-darwin-x64" "1.13.5"
    "@swc/core-linux-arm-gnueabihf" "1.13.5"
    "@swc/core-linux-arm64-gnu" "1.13.5"
    "@swc/core-linux-arm64-musl" "1.13.5"
    "@swc/core-linux-x64-gnu" "1.13.5"
    "@swc/core-linux-x64-musl" "1.13.5"
    "@swc/core-win32-arm64-msvc" "1.13.5"
    "@swc/core-win32-ia32-msvc" "1.13.5"
    "@swc/core-win32-x64-msvc" "1.13.5"

"@swc/counter@^0.1.3":
  version "0.1.3"
  resolved "https://registry.yarnpkg.com/@swc/counter/-/counter-0.1.3.tgz#cc7463bd02949611c6329596fccd2b0ec782b0e9"
  integrity sha512-e2BR4lsJkkRlKZ/qCHPw9ZaSxc0MVUd7gtbtaB7aMvHeJVYe8sOB8DBZkP2DtISHGSku9sCK6T6cnY0CtXrOCQ==

"@swc/helpers@^0.5.17":
  version "0.5.17"
  resolved "https://registry.yarnpkg.com/@swc/helpers/-/helpers-0.5.17.tgz#5a7be95ac0f0bf186e7e6e890e7a6f6cda6ce971"
  integrity sha512-5IKx/Y13RsYd+sauPb2x+U/xZikHjolzfuDgTAl/Tdf3Q8rslRvC19NKDLgAJQ6wsqADk10ntlv08nPFw/gO/A==
  dependencies:
    tslib "^2.8.0"

"@swc/types@^0.1.24":
  version "0.1.24"
  resolved "https://registry.yarnpkg.com/@swc/types/-/types-0.1.24.tgz#00f4343e2c966eac178cde89e8d821a784f7586d"
  integrity sha512-tjTMh3V4vAORHtdTprLlfoMptu1WfTZG9Rsca6yOKyNYsRr+MUXutKmliB17orgSZk5DpnDxs8GUdd/qwYxOng==
  dependencies:
    "@swc/counter" "^0.1.3"

"@tybys/wasm-util@^0.10.0":
  version "0.10.0"
  resolved "https://registry.yarnpkg.com/@tybys/wasm-util/-/wasm-util-0.10.0.tgz#2fd3cd754b94b378734ce17058d0507c45c88369"
  integrity sha512-VyyPYFlOMNylG45GoAe0xDoLwWuowvf92F9kySqzYh8vmYm7D2u4iUJKa1tOUpS70Ku13ASrOkS4ScXFsTaCNQ==
  dependencies:
    tslib "^2.4.0"

core-js@~3.45.1:
  version "3.45.1"
  resolved "https://registry.yarnpkg.com/core-js/-/core-js-3.45.1.tgz#5810e04a1b4e9bc5ddaa4dd12e702ff67300634d"
  integrity sha512-L4NPsJlCfZsPeXukyzHFlg/i7IIVwHSItR0wg0FLNqYClJ4MQYTYLbC7EkjKYRLZF2iof2MUgN0EGy7MdQFChg==

jiti@^2.5.1:
  version "2.5.1"
  resolved "https://registry.yarnpkg.com/jiti/-/jiti-2.5.1.tgz#bd099c1c2be1c59bbea4e5adcd127363446759d0"
  integrity sha512-twQoecYPiVA5K/h6SxtORw/Bs3ar+mLUtoPSc7iMXzQzK8d7eJ/R09wmTwAjiamETn1cXYPGfNnu7DMoHgu12w==

tslib@^2.4.0, tslib@^2.8.0:
  version "2.8.1"
  resolved "https://registry.yarnpkg.com/tslib/-/tslib-2.8.1.tgz#612efe4ed235d567e8aba5f2a5fab70280ade83f"
  integrity sha512-oJFu94HQb+KVduSUQL7wnpmqnfmLsOA/nAh6b6EH0wCEoK0/mPeXU6c3wKDV83MkOuHPRHtSXKKU99IBazS/2w==

typescript@^5.2.2:
  version "5.9.2"
  resolved "https://registry.yarnpkg.com/typescript/-/typescript-5.9.2.tgz#d93450cddec5154a2d5cabe3b8102b83316fb2a6"
  integrity sha512-CWBzXQrc/qOkhidw1OzBTQuYRbfyxDXJMVJ1XNwUHGROVmuaeiEm3OslpZ1RV96d7SKKjZKrSJu3+t/xlw3R9A==
